
Microsoft Visual Studio Solution File, Format Version 12.00
# Visual Studio Version 17
VisualStudioVersion = 17.9.34607.119
MinimumVisualStudioVersion = 10.0.40219.1
Project("{FAE04EC0-301F-11D3-BF4B-00C04F79EFBC}") = "VGP133_Week8", "VGP133_Week8\VGP133_Week8.csproj", "{307BDA56-2FE8-4B3E-B848-A2B2E873B12A}"
EndProject
Global
	GlobalSection(SolutionConfigurationPlatforms) = preSolution
		Debug|Any CPU = Debug|Any CPU
		Release|Any CPU = Release|Any CPU
	EndGlobalSection
	GlobalSection(ProjectConfigurationPlatforms) = postSolution
		{307BDA56-2FE8-4B3E-B848-A2B2E873B12A}.Debug|Any CPU.ActiveCfg = Debug|Any CPU
		{307BDA56-2FE8-4B3E-B848-A2B2E873B12A}.Debug|Any CPU.Build.0 = Debug|Any CPU
		{307BDA56-2FE8-4B3E-B848-A2B2E873B12A}.Release|Any CPU.ActiveCfg = Release|Any CPU
		{307BDA56-2FE8-4B3E-B848-A2B2E873B12A}.Release|Any CPU.Build.0 = Release|Any CPU
	EndGlobalSection
	GlobalSection(SolutionProperties) = preSolution
		HideSolutionNode = FALSE
	EndGlobalSection
	GlobalSection(ExtensibilityGlobals) = postSolution
		SolutionGuid = {8B4AF750-2C90-4514-87D6-64F40ED72D63}
	EndGlobalSection
EndGlobal
