
Microsoft Visual Studio Solution File, Format Version 12.00
# Visual Studio Version 17
VisualStudioVersion = 17.8.34408.163
MinimumVisualStudioVersion = 10.0.40219.1
Project("{FAE04EC0-301F-11D3-BF4B-00C04F79EFBC}") = "VGP133_Midterm_Karlsson_Vincent", "VGP133_Midterm_Karlsson_Vincent\VGP133_Midterm_Karlsson_Vincent.csproj", "{4780CDAA-0B3A-45D6-8110-A088422881BC}"
EndProject
Global
	GlobalSection(SolutionConfigurationPlatforms) = preSolution
		Debug|Any CPU = Debug|Any CPU
		Release|Any CPU = Release|Any CPU
	EndGlobalSection
	GlobalSection(ProjectConfigurationPlatforms) = postSolution
		{4780CDAA-0B3A-45D6-8110-A088422881BC}.Debug|Any CPU.ActiveCfg = Debug|Any CPU
		{4780CDAA-0B3A-45D6-8110-A088422881BC}.Debug|Any CPU.Build.0 = Debug|Any CPU
		{4780CDAA-0B3A-45D6-8110-A088422881BC}.Release|Any CPU.ActiveCfg = Release|Any CPU
		{4780CDAA-0B3A-45D6-8110-A088422881BC}.Release|Any CPU.Build.0 = Release|Any CPU
	EndGlobalSection
	GlobalSection(SolutionProperties) = preSolution
		HideSolutionNode = FALSE
	EndGlobalSection
	GlobalSection(ExtensibilityGlobals) = postSolution
		SolutionGuid = {DB033F32-203E-4C61-82C8-092C12293EE1}
	EndGlobalSection
EndGlobal
