
Microsoft Visual Studio Solution File, Format Version 12.00
# Visual Studio Version 17
VisualStudioVersion = 17.12.35527.113 d17.12
MinimumVisualStudioVersion = 10.0.40219.1
Project("{FAE04EC0-301F-11D3-BF4B-00C04F79EFBC}") = "VGP133_A6_Karlsson_VIncent", "VGP133_A6_Karlsson_VIncent\VGP133_A6_Karlsson_VIncent.csproj", "{CA09DFA7-37FA-4E2A-885D-66FF44EF247D}"
EndProject
Global
	GlobalSection(SolutionConfigurationPlatforms) = preSolution
		Debug|Any CPU = Debug|Any CPU
		Release|Any CPU = Release|Any CPU
	EndGlobalSection
	GlobalSection(ProjectConfigurationPlatforms) = postSolution
		{CA09DFA7-37FA-4E2A-885D-66FF44EF247D}.Debug|Any CPU.ActiveCfg = Debug|Any CPU
		{CA09DFA7-37FA-4E2A-885D-66FF44EF247D}.Debug|Any CPU.Build.0 = Debug|Any CPU
		{CA09DFA7-37FA-4E2A-885D-66FF44EF247D}.Release|Any CPU.ActiveCfg = Release|Any CPU
		{CA09DFA7-37FA-4E2A-885D-66FF44EF247D}.Release|Any CPU.Build.0 = Release|Any CPU
	EndGlobalSection
	GlobalSection(SolutionProperties) = preSolution
		HideSolutionNode = FALSE
	EndGlobalSection
EndGlobal
